[root]
name = "ftb"
version = "0.0.1"
dependencies = [
 "image 0.2.0-alpha.4 (git+https://github.com/PistonDevelopers/image)",
 "regex 0.1.10 (registry+https://github.com/rust-lang/crates.io-index)",
 "regex_macros 0.1.5 (registry+https://github.com/rust-lang/crates.io-index)",
 "rustc-serialize 0.2.7 (registry+https://github.com/rust-lang/crates.io-index)",
]

[[package]]
name = "image"
version = "0.2.0-alpha.4"
source = "git+https://github.com/PistonDevelopers/image#7a326f24339b3a3737b66a29167beff8ca5c95a4"
dependencies = [
 "num 0.1.8 (git+https://github.com/rust-lang/num)",
]

[[package]]
name = "num"
version = "0.1.8"
source = "git+https://github.com/rust-lang/num#bde434903d496bee0466cfeaeb1346638c0d247f"
dependencies = [
 "rustc-serialize 0.2.7 (registry+https://github.com/rust-lang/crates.io-index)",
]

[[package]]
name = "regex"
version = "0.1.10"
source = "registry+https://github.com/rust-lang/crates.io-index"

[[package]]
name = "regex_macros"
version = "0.1.5"
source = "registry+https://github.com/rust-lang/crates.io-index"
dependencies = [
 "regex 0.1.10 (registry+https://github.com/rust-lang/crates.io-index)",
]

[[package]]
name = "rustc-serialize"
version = "0.2.7"
source = "registry+https://github.com/rust-lang/crates.io-index"

