[root]
name = "ftb"
version = "0.0.1"
dependencies = [
 "image 0.1.0 (git+https://github.com/PistonDevelopers/rust-image#3ea0f8b759e42905562c7c8635d4e0e2879106ce)",
 "lodepng 0.0.1 (git+https://github.com/retep998/lodepng-rs#504ffe255aa77bbce5ba4dc5be70650586661586)",
]

[[package]]
name = "image"
version = "0.1.0"
source = "git+https://github.com/PistonDevelopers/rust-image#3ea0f8b759e42905562c7c8635d4e0e2879106ce"

[[package]]
name = "lodepng"
version = "0.0.1"
source = "git+https://github.com/retep998/lodepng-rs#504ffe255aa77bbce5ba4dc5be70650586661586"
dependencies = [
 "image 0.1.0 (git+https://github.com/PistonDevelopers/rust-image#3ea0f8b759e42905562c7c8635d4e0e2879106ce)",
]

